
Microsoft Visual Studio Solution File, Format Version 12.00
# Visual Studio Version 17
VisualStudioVersion = 17.8.34322.80
MinimumVisualStudioVersion = 10.0.40219.1
Project("{FAE04EC0-301F-11D3-BF4B-00C04F79EFBC}") = "CadAutoTable", "CadAutoTable\CadAutoTable.csproj", "{86002547-77E4-4B80-BC3F-D1ADA0107398}"
EndProject
Global
	GlobalSection(SolutionConfigurationPlatforms) = preSolution
		Debug|Any CPU = Debug|Any CPU
		Release|Any CPU = Release|Any CPU
	EndGlobalSection
	GlobalSection(ProjectConfigurationPlatforms) = postSolution
		{86002547-77E4-4B80-BC3F-D1ADA0107398}.Debug|Any CPU.ActiveCfg = Debug|Any CPU
		{86002547-77E4-4B80-BC3F-D1ADA0107398}.Debug|Any CPU.Build.0 = Debug|Any CPU
		{86002547-77E4-4B80-BC3F-D1ADA0107398}.Release|Any CPU.ActiveCfg = Release|Any CPU
		{86002547-77E4-4B80-BC3F-D1ADA0107398}.Release|Any CPU.Build.0 = Release|Any CPU
	EndGlobalSection
	GlobalSection(SolutionProperties) = preSolution
		HideSolutionNode = FALSE
	EndGlobalSection
	GlobalSection(ExtensibilityGlobals) = postSolution
		SolutionGuid = {BE39E49E-FA04-4B9E-ACE9-D46230159998}
	EndGlobalSection
EndGlobal
